
Microsoft Visual Studio Solution File, Format Version 11.00
# Visual Studio 2010
Project("{8BC9CEB8-8B4A-11D0-8D11-00A0C91BC942}") = "TeamServer", "TeamServer\TeamServer.vcxproj", "{07C1D277-BB74-4E53-A712-63DBA610A08C}"
EndProject
Global
	GlobalSection(SolutionConfigurationPlatforms) = preSolution
		Debug|Win32 = Debug|Win32
		Release|Win32 = Release|Win32
	EndGlobalSection
	GlobalSection(ProjectConfigurationPlatforms) = postSolution
		{07C1D277-BB74-4E53-A712-63DBA610A08C}.Debug|Win32.ActiveCfg = Debug|Win32
		{07C1D277-BB74-4E53-A712-63DBA610A08C}.Debug|Win32.Build.0 = Debug|Win32
		{07C1D277-BB74-4E53-A712-63DBA610A08C}.Release|Win32.ActiveCfg = Release|Win32
		{07C1D277-BB74-4E53-A712-63DBA610A08C}.Release|Win32.Build.0 = Release|Win32
	EndGlobalSection
	GlobalSection(SolutionProperties) = preSolution
		HideSolutionNode = FALSE
	EndGlobalSection
EndGlobal
